
Microsoft Visual Studio Solution File, Format Version 12.00
# Visual Studio 15
VisualStudioVersion = 15.0.28010.2046
MinimumVisualStudioVersion = 10.0.40219.1
Project("{9A19103F-16F7-4668-BE54-9A1E7A4F7556}") = "Matematica", "Matematica\Matematica.csproj", "{53B7336F-98CD-4452-9A2D-A6B5B53602A3}"
EndProject
Project("{9A19103F-16F7-4668-BE54-9A1E7A4F7556}") = "LibreriaMatematica", "LibreriaMatematica\LibreriaMatematica.csproj", "{8B4CDF8C-C4E4-4AAF-9F2F-737572253EB9}"
EndProject
Project("{FAE04EC0-301F-11D3-BF4B-00C04F79EFBC}") = "Uguali3nmeri", "Uguali3nmeri\Uguali3nmeri.csproj", "{353BF178-0767-49A3-AB3B-E666031F16D4}"
EndProject
Global
	GlobalSection(SolutionConfigurationPlatforms) = preSolution
		Debug|Any CPU = Debug|Any CPU
		Release|Any CPU = Release|Any CPU
	EndGlobalSection
	GlobalSection(ProjectConfigurationPlatforms) = postSolution
		{53B7336F-98CD-4452-9A2D-A6B5B53602A3}.Debug|Any CPU.ActiveCfg = Debug|Any CPU
		{53B7336F-98CD-4452-9A2D-A6B5B53602A3}.Debug|Any CPU.Build.0 = Debug|Any CPU
		{53B7336F-98CD-4452-9A2D-A6B5B53602A3}.Release|Any CPU.ActiveCfg = Release|Any CPU
		{53B7336F-98CD-4452-9A2D-A6B5B53602A3}.Release|Any CPU.Build.0 = Release|Any CPU
		{8B4CDF8C-C4E4-4AAF-9F2F-737572253EB9}.Debug|Any CPU.ActiveCfg = Debug|Any CPU
		{8B4CDF8C-C4E4-4AAF-9F2F-737572253EB9}.Debug|Any CPU.Build.0 = Debug|Any CPU
		{8B4CDF8C-C4E4-4AAF-9F2F-737572253EB9}.Release|Any CPU.ActiveCfg = Release|Any CPU
		{8B4CDF8C-C4E4-4AAF-9F2F-737572253EB9}.Release|Any CPU.Build.0 = Release|Any CPU
		{353BF178-0767-49A3-AB3B-E666031F16D4}.Debug|Any CPU.ActiveCfg = Debug|Any CPU
		{353BF178-0767-49A3-AB3B-E666031F16D4}.Debug|Any CPU.Build.0 = Debug|Any CPU
		{353BF178-0767-49A3-AB3B-E666031F16D4}.Release|Any CPU.ActiveCfg = Release|Any CPU
		{353BF178-0767-49A3-AB3B-E666031F16D4}.Release|Any CPU.Build.0 = Release|Any CPU
	EndGlobalSection
	GlobalSection(SolutionProperties) = preSolution
		HideSolutionNode = FALSE
	EndGlobalSection
	GlobalSection(ExtensibilityGlobals) = postSolution
		SolutionGuid = {D021C333-D174-48B0-ADF2-6431D573A6E3}
	EndGlobalSection
EndGlobal
